
Microsoft Visual Studio Solution File, Format Version 12.00
# Visual Studio Version 16
VisualStudioVersion = 16.0.33214.272
MinimumVisualStudioVersion = 10.0.40219.1
Project("{9A19103F-16F7-4668-BE54-9A1E7A4F7556}") = "Mission9_jacobs27", "Mission9_jacobs27\Mission9_jacobs27.csproj", "{06049E03-881A-46F3-871A-28208407E14E}"
EndProject
Global
	GlobalSection(SolutionConfigurationPlatforms) = preSolution
		Debug|Any CPU = Debug|Any CPU
		Release|Any CPU = Release|Any CPU
	EndGlobalSection
	GlobalSection(ProjectConfigurationPlatforms) = postSolution
		{06049E03-881A-46F3-871A-28208407E14E}.Debug|Any CPU.ActiveCfg = Debug|Any CPU
		{06049E03-881A-46F3-871A-28208407E14E}.Debug|Any CPU.Build.0 = Debug|Any CPU
		{06049E03-881A-46F3-871A-28208407E14E}.Release|Any CPU.ActiveCfg = Release|Any CPU
		{06049E03-881A-46F3-871A-28208407E14E}.Release|Any CPU.Build.0 = Release|Any CPU
	EndGlobalSection
	GlobalSection(SolutionProperties) = preSolution
		HideSolutionNode = FALSE
	EndGlobalSection
	GlobalSection(ExtensibilityGlobals) = postSolution
		SolutionGuid = {37EA9D2A-7E0D-4227-8ED7-8E3FF02B8404}
	EndGlobalSection
EndGlobal
